
Microsoft Visual Studio Solution File, Format Version 12.00
# Visual Studio Version 16
VisualStudioVersion = 16.0.33920.266
MinimumVisualStudioVersion = 10.0.40219.1
Project("{8BC9CEB8-8B4A-11D0-8D11-00A0C91BC942}") = "Snake_AI", "Snake_AI.vcxproj", "{FB24960F-38BB-4FAD-8154-D315B5B928FA}"
EndProject
Global
	GlobalSection(SolutionConfigurationPlatforms) = preSolution
		Debug|x64 = Debug|x64
		Debug|x86 = Debug|x86
		Release|x64 = Release|x64
		Release|x86 = Release|x86
	EndGlobalSection
	GlobalSection(ProjectConfigurationPlatforms) = postSolution
		{FB24960F-38BB-4FAD-8154-D315B5B928FA}.Debug|x64.ActiveCfg = Debug|x64
		{FB24960F-38BB-4FAD-8154-D315B5B928FA}.Debug|x64.Build.0 = Debug|x64
		{FB24960F-38BB-4FAD-8154-D315B5B928FA}.Debug|x86.ActiveCfg = Debug|Win32
		{FB24960F-38BB-4FAD-8154-D315B5B928FA}.Debug|x86.Build.0 = Debug|Win32
		{FB24960F-38BB-4FAD-8154-D315B5B928FA}.Release|x64.ActiveCfg = Release|x64
		{FB24960F-38BB-4FAD-8154-D315B5B928FA}.Release|x64.Build.0 = Release|x64
		{FB24960F-38BB-4FAD-8154-D315B5B928FA}.Release|x86.ActiveCfg = Release|Win32
		{FB24960F-38BB-4FAD-8154-D315B5B928FA}.Release|x86.Build.0 = Release|Win32
	EndGlobalSection
	GlobalSection(SolutionProperties) = preSolution
		HideSolutionNode = FALSE
	EndGlobalSection
	GlobalSection(ExtensibilityGlobals) = postSolution
		SolutionGuid = {DD03E34F-CF53-4B24-8EB8-F758EC0C5CAE}
	EndGlobalSection
EndGlobal
